// !$*UTF8*$!
{
	archiveVersion = 1;
	classes = {
	};
	objectVersion = 51;
	objects = {

/* Begin PBXBuildFile section */
		48A56ED2245D90AA00487DB2 /* AppDelegate.swift in Sources */ = {isa = PBXBuildFile; fileRef = 48A56ED1245D90AA00487DB2 /* AppDelegate.swift */; };
		48A56ED4245D90AA00487DB2 /* SceneDelegate.swift in Sources */ = {isa = PBXBuildFile; fileRef = 48A56ED3245D90AA00487DB2 /* SceneDelegate.swift */; };
		48A56ED6245D90AA00487DB2 /* ViewController.swift in Sources */ = {isa = PBXBuildFile; fileRef = 48A56ED5245D90AA00487DB2 /* ViewController.swift */; };
		48A56ED9245D90AA00487DB2 /* Main.storyboard in Resources */ = {isa = PBXBuildFile; fileRef = 48A56ED7245D90AA00487DB2 /* Main.storyboard */; };
		48A56EDB245D90AC00487DB2 /* Assets.xcassets in Resources */ = {isa = PBXBuildFile; fileRef = 48A56EDA245D90AC00487DB2 /* Assets.xcassets */; };
		48A56EDE245D90AC00487DB2 /* LaunchScreen.storyboard in Resources */ = {isa = PBXBuildFile; fileRef = 48A56EDC245D90AC00487DB2 /* LaunchScreen.storyboard */; };
		48A56EE6245DB54F00487DB2 /* LogInViewController.swift in Sources */ = {isa = PBXBuildFile; fileRef = 48A56EE5245DB54F00487DB2 /* LogInViewController.swift */; };
		6736B5735F6334DE1D8800F1 /* Pods_Tinder_Flirt.framework in Frameworks */ = {isa = PBXBuildFile; fileRef = 7409A259FFB162B535627F9C /* Pods_Tinder_Flirt.framework */; };
/* End PBXBuildFile section */

/* Begin PBXFileReference section */
		1FEBA3337EF8621E987B44C8 /* Pods-Tinder Flirt.release.xcconfig */ = {isa = PBXFileReference; includeInIndex = 1; lastKnownFileType = text.xcconfig; name = "Pods-Tinder Flirt.release.xcconfig"; path = "Target Support Files/Pods-Tinder Flirt/Pods-Tinder Flirt.release.xcconfig"; sourceTree = "<group>"; };
		48A56ECE245D90AA00487DB2 /* Tinder Flirt.app */ = {isa = PBXFileReference; explicitFileType = wrapper.application; includeInIndex = 0; path = "Tinder Flirt.app"; sourceTree = BUILT_PRODUCTS_DIR; };
		48A56ED1245D90AA00487DB2 /* AppDelegate.swift */ = {isa = PBXFileReference; lastKnownFileType = sourcecode.swift; path = AppDelegate.swift; sourceTree = "<group>"; };
		48A56ED3245D90AA00487DB2 /* SceneDelegate.swift */ = {isa = PBXFileReference; lastKnownFileType = sourcecode.swift; path = SceneDelegate.swift; sourceTree = "<group>"; };
		48A56ED5245D90AA00487DB2 /* ViewController.swift */ = {isa = PBXFileReference; lastKnownFileType = sourcecode.swift; path = ViewController.swift; sourceTree = "<group>"; };
		48A56ED8245D90AA00487DB2 /* Base */ = {isa = PBXFileReference; lastKnownFileType = file.storyboard; name = Base; path = Base.lproj/Main.storyboard; sourceTree = "<group>"; };
		48A56EDA245D90AC00487DB2 /* Assets.xcassets */ = {isa = PBXFileReference; lastKnownFileType = folder.assetcatalog; path = Assets.xcassets; sourceTree = "<group>"; };
		48A56EDD245D90AC00487DB2 /* Base */ = {isa = PBXFileReference; lastKnownFileType = file.storyboard; name = Base; path = Base.lproj/LaunchScreen.storyboard; sourceTree = "<group>"; };
		48A56EDF245D90AC00487DB2 /* Info.plist */ = {isa = PBXFileReference; lastKnownFileType = text.plist.xml; path = Info.plist; sourceTree = "<group>"; };
		48A56EE5245DB54F00487DB2 /* LogInViewController.swift */ = {isa = PBXFileReference; lastKnownFileType = sourcecode.swift; path = LogInViewController.swift; sourceTree = "<group>"; };
		7409A259FFB162B535627F9C /* Pods_Tinder_Flirt.framework */ = {isa = PBXFileReference; explicitFileType = wrapper.framework; includeInIndex = 0; path = Pods_Tinder_Flirt.framework; sourceTree = BUILT_PRODUCTS_DIR; };
		E3D977C54ED328C0F5B9CD09 /* Pods-Tinder Flirt.debug.xcconfig */ = {isa = PBXFileReference; includeInIndex = 1; lastKnownFileType = text.xcconfig; name = "Pods-Tinder Flirt.debug.xcconfig"; path = "Target Support Files/Pods-Tinder Flirt/Pods-Tinder Flirt.debug.xcconfig"; sourceTree = "<group>"; };
/* End PBXFileReference section */

/* Begin PBXFrameworksBuildPhase section */
		48A56ECB245D90AA00487DB2 /* Frameworks */ = {
			isa = PBXFrameworksBuildPhase;
			buildActionMask = 2147483647;
			files = (
				6736B5735F6334DE1D8800F1 /* Pods_Tinder_Flirt.framework in Frameworks */,
			);
			runOnlyForDeploymentPostprocessing = 0;
		};
/* End PBXFrameworksBuildPhase section */

/* Begin PBXGroup section */
		0775E19ECB23EB4B49F4EA76 /* Frameworks */ = {
			isa = PBXGroup;
			children = (
				7409A259FFB162B535627F9C /* Pods_Tinder_Flirt.framework */,
			);
			name = Frameworks;
			sourceTree = "<group>";
		};
		48A56EC5245D90AA00487DB2 = {
			isa = PBXGroup;
			children = (
				48A56ED0245D90AA00487DB2 /* Tinder Flirt */,
				48A56ECF245D90AA00487DB2 /* Products */,
				D4FD2BAF659FE609685DF5E9 /* Pods */,
				0775E19ECB23EB4B49F4EA76 /* Frameworks */,
			);
			sourceTree = "<group>";
		};
		48A56ECF245D90AA00487DB2 /* Products */ = {
			isa = PBXGroup;
			children = (
				48A56ECE245D90AA00487DB2 /* Tinder Flirt.app */,
			);
			name = Products;
			sourceTree = "<group>";
		};
		48A56ED0245D90AA00487DB2 /* Tinder Flirt */ = {
			isa = PBXGroup;
			children = (
				48A56ED1245D90AA00487DB2 /* AppDelegate.swift */,
				48A56ED3245D90AA00487DB2 /* SceneDelegate.swift */,
				48A56ED5245D90AA00487DB2 /* ViewController.swift */,
				48A56ED7245D90AA00487DB2 /* Main.storyboard */,
				48A56EDA245D90AC00487DB2 /* Assets.xcassets */,
				48A56EDC245D90AC00487DB2 /* LaunchScreen.storyboard */,
				48A56EDF245D90AC00487DB2 /* Info.plist */,
				48A56EE5245DB54F00487DB2 /* LogInViewController.swift */,
			);
			path = "Tinder Flirt";
			sourceTree = "<group>";
		};
		D4FD2BAF659FE609685DF5E9 /* Pods */ = {
			isa = PBXGroup;
			children = (
				E3D977C54ED328C0F5B9CD09 /* Pods-Tinder Flirt.debug.xcconfig */,
				1FEBA3337EF8621E987B44C8 /* Pods-Tinder Flirt.release.xcconfig */,
			);
			path = Pods;
			sourceTree = "<group>";
		};
/* End PBXGroup section */

/* Begin PBXNativeTarget section */
		48A56ECD245D90AA00487DB2 /* Tinder Flirt */ = {
			isa = PBXNativeTarget;
			buildConfigurationList = 48A56EE2245D90AC00487DB2 /* Build configuration list for PBXNativeTarget "Tinder Flirt" */;
			buildPhases = (
				0E2B628473DEE8C0AE733595 /* [CP] Check Pods Manifest.lock */,
				48A56ECA245D90AA00487DB2 /* Sources */,
				48A56ECB245D90AA00487DB2 /* Frameworks */,
				48A56ECC245D90AA00487DB2 /* Resources */,
				E1C6CB77EC6FBA66BA83B539 /* [CP] Embed Pods Frameworks */,
			);
			buildRules = (
			);
			dependencies = (
			);
			name = "Tinder Flirt";
			productName = "Tinder Flirt";
			productReference = 48A56ECE245D90AA00487DB2 /* Tinder Flirt.app */;
			productType = "com.apple.product-type.application";
		};
/* End PBXNativeTarget section */

/* Begin PBXProject section */
		48A56EC6245D90AA00487DB2 /* Project object */ = {
			isa = PBXProject;
			attributes = {
				LastSwiftUpdateCheck = 1120;
				LastUpgradeCheck = 1120;
				ORGANIZATIONNAME = "Emil Vaklinov";
				TargetAttributes = {
					48A56ECD245D90AA00487DB2 = {
						CreatedOnToolsVersion = 11.2;
					};
				};
			};
			buildConfigurationList = 48A56EC9245D90AA00487DB2 /* Build configuration list for PBXProject "Tinder Flirt" */;
			compatibilityVersion = "Xcode 9.3";
			developmentRegion = en;
			hasScannedForEncodings = 0;
			knownRegions = (
				en,
				Base,
			);
			mainGroup = 48A56EC5245D90AA00487DB2;
			productRefGroup = 48A56ECF245D90AA00487DB2 /* Products */;
			projectDirPath = "";
			projectRoot = "";
			targets = (
				48A56ECD245D90AA00487DB2 /* Tinder Flirt */,
			);
		};
/* End PBXProject section */

/* Begin PBXResourcesBuildPhase section */
		48A56ECC245D90AA00487DB2 /* Resources */ = {
			isa = PBXResourcesBuildPhase;
			buildActionMask = 2147483647;
			files = (
				48A56EDE245D90AC00487DB2 /* LaunchScreen.storyboard in Resources */,
				48A56EDB245D90AC00487DB2 /* Assets.xcassets in Resources */,
				48A56ED9245D90AA00487DB2 /* Main.storyboard in Resources */,
			);
			runOnlyForDeploymentPostprocessing = 0;
		};
/* End PBXResourcesBuildPhase section */

/* Begin PBXShellScriptBuildPhase section */
		0E2B628473DEE8C0AE733595 /* [CP] Check Pods Manifest.lock */ = {
			isa = PBXShellScriptBuildPhase;
			buildActionMask = 2147483647;
			files = (
			);
			inputFileListPaths = (
			);
			inputPaths = (
				"${PODS_PODFILE_DIR_PATH}/Podfile.lock",
				"${PODS_ROOT}/Manifest.lock",
			);
			name = "[CP] Check Pods Manifest.lock";
			outputFileListPaths = (
			);
			outputPaths = (
				"$(DERIVED_FILE_DIR)/Pods-Tinder Flirt-checkManifestLockResult.txt",
			);
			runOnlyForDeploymentPostprocessing = 0;
			shellPath = /bin/sh;
			shellScript = "diff \"${PODS_PODFILE_DIR_PATH}/Podfile.lock\" \"${PODS_ROOT}/Manifest.lock\" > /dev/null\nif [ $? != 0 ] ; then\n    # print error to STDERR\n    echo \"error: The sandbox is not in sync with the Podfile.lock. Run 'pod install' or update your CocoaPods installation.\" >&2\n    exit 1\nfi\n# This output is used by Xcode 'outputs' to avoid re-running this script phase.\necho \"SUCCESS\" > \"${SCRIPT_OUTPUT_FILE_0}\"\n";
			showEnvVarsInLog = 0;
		};
		E1C6CB77EC6FBA66BA83B539 /* [CP] Embed Pods Frameworks */ = {
			isa = PBXShellScriptBuildPhase;
			buildActionMask = 2147483647;
			files = (
			);
			inputFileListPaths = (
				"${PODS_ROOT}/Target Support Files/Pods-Tinder Flirt/Pods-Tinder Flirt-frameworks-${CONFIGURATION}-input-files.xcfilelist",
			);
			name = "[CP] Embed Pods Frameworks";
			outputFileListPaths = (
				"${PODS_ROOT}/Target Support Files/Pods-Tinder Flirt/Pods-Tinder Flirt-frameworks-${CONFIGURATION}-output-files.xcfilelist",
			);
			runOnlyForDeploymentPostprocessing = 0;
			shellPath = /bin/sh;
			shellScript = "\"${PODS_ROOT}/Target Support Files/Pods-Tinder Flirt/Pods-Tinder Flirt-frameworks.sh\"\n";
			showEnvVarsInLog = 0;
		};
/* End PBXShellScriptBuildPhase section */

/* Begin PBXSourcesBuildPhase section */
		48A56ECA245D90AA00487DB2 /* Sources */ = {
			isa = PBXSourcesBuildPhase;
			buildActionMask = 2147483647;
			files = (
				48A56EE6245DB54F00487DB2 /* LogInViewController.swift in Sources */,
				48A56ED6245D90AA00487DB2 /* ViewController.swift in Sources */,
				48A56ED2245D90AA00487DB2 /* AppDelegate.swift in Sources */,
				48A56ED4245D90AA00487DB2 /* SceneDelegate.swift in Sources */,
			);
			runOnlyForDeploymentPostprocessing = 0;
		};
/* End PBXSourcesBuildPhase section */

/* Begin PBXVariantGroup section */
		48A56ED7245D90AA00487DB2 /* Main.storyboard */ = {
			isa = PBXVariantGroup;
			children = (
				48A56ED8245D90AA00487DB2 /* Base */,
			);
			name = Main.storyboard;
			sourceTree = "<group>";
		};
		48A56EDC245D90AC00487DB2 /* LaunchScreen.storyboard */ = {
			isa = PBXVariantGroup;
			children = (
				48A56EDD245D90AC00487DB2 /* Base */,
			);
			name = LaunchScreen.storyboard;
			sourceTree = "<group>";
		};
/* End PBXVariantGroup section */

/* Begin XCBuildConfiguration section */
		48A56EE0245D90AC00487DB2 /* Debug */ = {
			isa = XCBuildConfiguration;
			buildSettings = {
				ALWAYS_SEARCH_USER_PATHS = NO;
				CLANG_ANALYZER_NONNULL = YES;
				CLANG_ANALYZER_NUMBER_OBJECT_CONVERSION = YES_AGGRESSIVE;
				CLANG_CXX_LANGUAGE_STANDARD = "gnu++14";
				CLANG_CXX_LIBRARY = "libc++";
				CLANG_ENABLE_MODULES = YES;
				CLANG_ENABLE_OBJC_ARC = YES;
				CLANG_ENABLE_OBJC_WEAK = YES;
				CLANG_WARN_BLOCK_CAPTURE_AUTORELEASING = YES;
				CLANG_WARN_BOOL_CONVERSION = YES;
				CLANG_WARN_COMMA = YES;
				CLANG_WARN_CONSTANT_CONVERSION = YES;
				CLANG_WARN_DEPRECATED_OBJC_IMPLEMENTATIONS = YES;
				CLANG_WARN_DIRECT_OBJC_ISA_USAGE = YES_ERROR;
				CLANG_WARN_DOCUMENTATION_COMMENTS = YES;
				CLANG_WARN_EMPTY_BODY = YES;
				CLANG_WARN_ENUM_CONVERSION = YES;
				CLANG_WARN_INFINITE_RECURSION = YES;
				CLANG_WARN_INT_CONVERSION = YES;
				CLANG_WARN_NON_LITERAL_NULL_CONVERSION = YES;
				CLANG_WARN_OBJC_IMPLICIT_RETAIN_SELF = YES;
				CLANG_WARN_OBJC_LITERAL_CONVERSION = YES;
				CLANG_WARN_OBJC_ROOT_CLASS = YES_ERROR;
				CLANG_WARN_RANGE_LOOP_ANALYSIS = YES;
				CLANG_WARN_STRICT_PROTOTYPES = YES;
				CLANG_WARN_SUSPICIOUS_MOVE = YES;
				CLANG_WARN_UNGUARDED_AVAILABILITY = YES_AGGRESSIVE;
				CLANG_WARN_UNREACHABLE_CODE = YES;
				CLANG_WARN__DUPLICATE_METHOD_MATCH = YES;
				COPY_PHASE_STRIP = NO;
				DEBUG_INFORMATION_FORMAT = dwarf;
				ENABLE_STRICT_OBJC_MSGSEND = YES;
				ENABLE_TESTABILITY = YES;
				GCC_C_LANGUAGE_STANDARD = gnu11;
				GCC_DYNAMIC_NO_PIC = NO;
				GCC_NO_COMMON_BLOCKS = YES;
				GCC_OPTIMIZATION_LEVEL = 0;
				GCC_PREPROCESSOR_DEFINITIONS = (
					"DEBUG=1",
					"$(inherited)",
				);
				GCC_WARN_64_TO_32_BIT_CONVERSION = YES;
				GCC_WARN_ABOUT_RETURN_TYPE = YES_ERROR;
				GCC_WARN_UNDECLARED_SELECTOR = YES;
				GCC_WARN_UNINITIALIZED_AUTOS = YES_AGGRESSIVE;
				GCC_WARN_UNUSED_FUNCTION = YES;
				GCC_WARN_UNUSED_VARIABLE = YES;
				IPHONEOS_DEPLOYMENT_TARGET = 13.2;
				MTL_ENABLE_DEBUG_INFO = INCLUDE_SOURCE;
				MTL_FAST_MATH = YES;
				ONLY_ACTIVE_ARCH = YES;
				SDKROOT = iphoneos;
				SWIFT_ACTIVE_COMPILATION_CONDITIONS = DEBUG;
				SWIFT_OPTIMIZATION_LEVEL = "-Onone";
			};
			name = Debug;
		};
		48A56EE1245D90AC00487DB2 /* Release */ = {
			isa = XCBuildConfiguration;
			buildSettings = {
				ALWAYS_SEARCH_USER_PATHS = NO;
				CLANG_ANALYZER_NONNULL = YES;
				CLANG_ANALYZER_NUMBER_OBJECT_CONVERSION = YES_AGGRESSIVE;
				CLANG_CXX_LANGUAGE_STANDARD = "gnu++14";
				CLANG_CXX_LIBRARY = "libc++";
				CLANG_ENABLE_MODULES = YES;
				CLANG_ENABLE_OBJC_ARC = YES;
				CLANG_ENABLE_OBJC_WEAK = YES;
				CLANG_WARN_BLOCK_CAPTURE_AUTORELEASING = YES;
				CLANG_WARN_BOOL_CONVERSION = YES;
				CLANG_WARN_COMMA = YES;
				CLANG_WARN_CONSTANT_CONVERSION = YES;
				CLANG_WARN_DEPRECATED_OBJC_IMPLEMENTATIONS = YES;
				CLANG_WARN_DIRECT_OBJC_ISA_USAGE = YES_ERROR;
				CLANG_WARN_DOCUMENTATION_COMMENTS = YES;
				CLANG_WARN_EMPTY_BODY = YES;
				CLANG_WARN_ENUM_CONVERSION = YES;
				CLANG_WARN_INFINITE_RECURSION = YES;
				CLANG_WARN_INT_CONVERSION = YES;
				CLANG_WARN_NON_LITERAL_NULL_CONVERSION = YES;
				CLANG_WARN_OBJC_IMPLICIT_RETAIN_SELF = YES;
				CLANG_WARN_OBJC_LITERAL_CONVERSION = YES;
				CLANG_WARN_OBJC_ROOT_CLASS = YES_ERROR;
				CLANG_WARN_RANGE_LOOP_ANALYSIS = YES;
				CLANG_WARN_STRICT_PROTOTYPES = YES;
				CLANG_WARN_SUSPICIOUS_MOVE = YES;
				CLANG_WARN_UNGUARDED_AVAILABILITY = YES_AGGRESSIVE;
				CLANG_WARN_UNREACHABLE_CODE = YES;
				CLANG_WARN__DUPLICATE_METHOD_MATCH = YES;
				COPY_PHASE_STRIP = NO;
				DEBUG_INFORMATION_FORMAT = "dwarf-with-dsym";
				ENABLE_NS_ASSERTIONS = NO;
				ENABLE_STRICT_OBJC_MSGSEND = YES;
				GCC_C_LANGUAGE_STANDARD = gnu11;
				GCC_NO_COMMON_BLOCKS = YES;
				GCC_WARN_64_TO_32_BIT_CONVERSION = YES;
				GCC_WARN_ABOUT_RETURN_TYPE = YES_ERROR;
				GCC_WARN_UNDECLARED_SELECTOR = YES;
				GCC_WARN_UNINITIALIZED_AUTOS = YES_AGGRESSIVE;
				GCC_WARN_UNUSED_FUNCTION = YES;
				GCC_WARN_UNUSED_VARIABLE = YES;
				IPHONEOS_DEPLOYMENT_TARGET = 13.2;
				MTL_ENABLE_DEBUG_INFO = NO;
				MTL_FAST_MATH = YES;
				SDKROOT = iphoneos;
				SWIFT_COMPILATION_MODE = wholemodule;
				SWIFT_OPTIMIZATION_LEVEL = "-O";
				VALIDATE_PRODUCT = YES;
			};
			name = Release;
		};
		48A56EE3245D90AC00487DB2 /* Debug */ = {
			isa = XCBuildConfiguration;
			baseConfigurationReference = E3D977C54ED328C0F5B9CD09 /* Pods-Tinder Flirt.debug.xcconfig */;
			buildSettings = {
				ASSETCATALOG_COMPILER_APPICON_NAME = AppIcon;
				CODE_SIGN_STYLE = Automatic;
				INFOPLIST_FILE = "Tinder Flirt/Info.plist";
				LD_RUNPATH_SEARCH_PATHS = (
					"$(inherited)",
					"@executable_path/Frameworks",
				);
				PRODUCT_BUNDLE_IDENTIFIER = "com.emil.Tinder-Flirt";
				PRODUCT_NAME = "$(TARGET_NAME)";
				SWIFT_VERSION = 5.0;
				TARGETED_DEVICE_FAMILY = "1,2";
			};
			name = Debug;
		};
		48A56EE4245D90AC00487DB2 /* Release */ = {
			isa = XCBuildConfiguration;
			baseConfigurationReference = 1FEBA3337EF8621E987B44C8 /* Pods-Tinder Flirt.release.xcconfig */;
			buildSettings = {
				ASSETCATALOG_COMPILER_APPICON_NAME = AppIcon;
				CODE_SIGN_STYLE = Automatic;
				INFOPLIST_FILE = "Tinder Flirt/Info.plist";
				LD_RUNPATH_SEARCH_PATHS = (
					"$(inherited)",
					"@executable_path/Frameworks",
				);
				PRODUCT_BUNDLE_IDENTIFIER = "com.emil.Tinder-Flirt";
				PRODUCT_NAME = "$(TARGET_NAME)";
				SWIFT_VERSION = 5.0;
				TARGETED_DEVICE_FAMILY = "1,2";
			};
			name = Release;
		};
/* End XCBuildConfiguration section */

/* Begin XCConfigurationList section */
		48A56EC9245D90AA00487DB2 /* Build configuration list for PBXProject "Tinder Flirt" */ = {
			isa = XCConfigurationList;
			buildConfigurations = (
				48A56EE0245D90AC00487DB2 /* Debug */,
				48A56EE1245D90AC00487DB2 /* Release */,
			);
			defaultConfigurationIsVisible = 0;
			defaultConfigurationName = Release;
		};
		48A56EE2245D90AC00487DB2 /* Build configuration list for PBXNativeTarget "Tinder Flirt" */ = {
			isa = XCConfigurationList;
			buildConfigurations = (
				48A56EE3245D90AC00487DB2 /* Debug */,
				48A56EE4245D90AC00487DB2 /* Release */,
			);
			defaultConfigurationIsVisible = 0;
			defaultConfigurationName = Release;
		};
/* End XCConfigurationList section */
	};
	rootObject = 48A56EC6245D90AA00487DB2 /* Project object */;
}
